
Microsoft Visual Studio Solution File, Format Version 12.00
# Visual Studio Version 17
VisualStudioVersion = 17.8.34309.116
MinimumVisualStudioVersion = 10.0.40219.1
Project("{8BC9CEB8-8B4A-11D0-8D11-00A0C91BC942}") = "Skilbox_1", "Skilbox_1\Skilbox_1.vcxproj", "{61414AC4-835D-46DC-8162-96E9CF4EBAE3}"
EndProject
Project("{8BC9CEB8-8B4A-11D0-8D11-00A0C91BC942}") = "Skillboks_2", "Skillboks_2\Skillboks_2.vcxproj", "{CB69C09B-5DCF-4FE8-A98C-CDCBA07071F7}"
EndProject
Project("{8BC9CEB8-8B4A-11D0-8D11-00A0C91BC942}") = "Skillbox_3", "Skillbox_3\Skillbox_3.vcxproj", "{6256BD94-39E8-43E6-9B9C-91A15C369C18}"
EndProject
Project("{8BC9CEB8-8B4A-11D0-8D11-00A0C91BC942}") = "Skillbox_4", "Skillbox_4\Skillbox_4.vcxproj", "{8920621E-A5D5-4927-80CF-CE15C9372B8E}"
EndProject
Project("{8BC9CEB8-8B4A-11D0-8D11-00A0C91BC942}") = "Skillbox_5", "Skillbox_5\Skillbox_5.vcxproj", "{E9C29974-0988-4E2F-87A8-35E3129A8098}"
EndProject
Project("{8BC9CEB8-8B4A-11D0-8D11-00A0C91BC942}") = "Skillbox_6", "Skillbox_6\Skillbox_6.vcxproj", "{1B96AD76-6F56-434A-8C03-CB6A5B479D0A}"
EndProject
Project("{8BC9CEB8-8B4A-11D0-8D11-00A0C91BC942}") = "Skillbox_7", "Skillbox_7\Skillbox_7.vcxproj", "{F84237CA-6243-4246-83F3-8E40D2DED054}"
EndProject
Project("{8BC9CEB8-8B4A-11D0-8D11-00A0C91BC942}") = "Skillbox_8", "Skillbox_8\Skillbox_8.vcxproj", "{2311EA68-1746-4565-BE80-EA0A2CA243E8}"
EndProject
Project("{8BC9CEB8-8B4A-11D0-8D11-00A0C91BC942}") = "Skillbox_9", "Skillbox_9\Skillbox_9.vcxproj", "{D7E75A77-6FCF-4FFA-ABBE-DF03A19DCE6D}"
EndProject
Project("{8BC9CEB8-8B4A-11D0-8D11-00A0C91BC942}") = "Skillbox_10", "Skillbox_10\Skillbox_10.vcxproj", "{D9450D0F-23EE-4F3E-B79D-631381CC6952}"
EndProject
Project("{8BC9CEB8-8B4A-11D0-8D11-00A0C91BC942}") = "Skillbox_11", "Skillbox_11\Skillbox_11.vcxproj", "{8B8BE2DD-A0F5-4B88-91DA-04B19BF8ACDA}"
EndProject
Project("{8BC9CEB8-8B4A-11D0-8D11-00A0C91BC942}") = "Skillbox_12", "Skillbox_12\Skillbox_12.vcxproj", "{1265618A-A174-4101-8105-A57D513FEEC7}"
EndProject
Project("{8BC9CEB8-8B4A-11D0-8D11-00A0C91BC942}") = "Skillbox_13", "Skillbox_13\Skillbox_13.vcxproj", "{F9727457-989F-456F-8F06-C12EA4260701}"
EndProject
Project("{8BC9CEB8-8B4A-11D0-8D11-00A0C91BC942}") = "Skillbox_14", "Skillbox_14\Skillbox_14.vcxproj", "{A70D7816-E5FF-4347-8135-1B9B283C6321}"
EndProject
Project("{8BC9CEB8-8B4A-11D0-8D11-00A0C91BC942}") = "Skillbox_15", "Skillbox_15\Skillbox_15.vcxproj", "{9568A02E-CCC6-4E26-8603-DA5E9047A3DD}"
EndProject
Project("{8BC9CEB8-8B4A-11D0-8D11-00A0C91BC942}") = "Skillbox_16", "Skillbox_16\Skillbox_16.vcxproj", "{5C78B263-3519-46FF-A36E-DDF916B79881}"
EndProject
Project("{8BC9CEB8-8B4A-11D0-8D11-00A0C91BC942}") = "Skillbox_17", "Skillbox_17\Skillbox_17.vcxproj", "{4915CA61-9AED-45B7-87C9-7C2DD9F3EE64}"
EndProject
Project("{8BC9CEB8-8B4A-11D0-8D11-00A0C91BC942}") = "Skillbox_18", "Skillbox_18\Skillbox_18.vcxproj", "{2D9CADBF-FB9A-486E-B328-E7E7B239A2EA}"
EndProject
Project("{8BC9CEB8-8B4A-11D0-8D11-00A0C91BC942}") = "Skillbox_19", "Skillbox_19\Skillbox_19.vcxproj", "{2F01B742-19F9-4159-850E-21B05E799106}"
EndProject
Project("{8BC9CEB8-8B4A-11D0-8D11-00A0C91BC942}") = "Project20", "Project20\Project20.vcxproj", "{31986968-4A3F-4D3C-BC0B-9FCFE87AC1AF}"
EndProject
Project("{8BC9CEB8-8B4A-11D0-8D11-00A0C91BC942}") = "Skillbox_21", "Skillbox_21\Skillbox_21.vcxproj", "{599288C3-85D5-4F51-849E-42C6AA0477EE}"
EndProject
Project("{8BC9CEB8-8B4A-11D0-8D11-00A0C91BC942}") = "Project22", "Project22\Project22.vcxproj", "{F489053B-79F3-4FE8-8589-9D85AAFDFAB3}"
EndProject
Project("{8BC9CEB8-8B4A-11D0-8D11-00A0C91BC942}") = "Skillbox_23", "Skillbox_23\Skillbox_23.vcxproj", "{A3F9515A-FC11-43FB-9511-72F3D93A5D2B}"
EndProject
Project("{8BC9CEB8-8B4A-11D0-8D11-00A0C91BC942}") = "Skillbox_24", "Skillbox_24\Skillbox_24.vcxproj", "{CD9C3471-6F09-4B95-8D5D-2BA698D258A6}"
EndProject
Project("{8BC9CEB8-8B4A-11D0-8D11-00A0C91BC942}") = "Skillbox_25", "Skillbox_25\Skillbox_25.vcxproj", "{37610DF7-6369-4151-8DE6-37C6A1FD779B}"
EndProject
Project("{8BC9CEB8-8B4A-11D0-8D11-00A0C91BC942}") = "Skillbox_26", "Skillbox_26\Skillbox_26.vcxproj", "{A1FDEA94-542E-4E26-B2E9-3FD69F603901}"
EndProject
Project("{8BC9CEB8-8B4A-11D0-8D11-00A0C91BC942}") = "Skillbox_27", "Skillbox_27\Skillbox_27.vcxproj", "{988A4B4B-671E-47EE-8052-7513D13AF38C}"
EndProject
Project("{8BC9CEB8-8B4A-11D0-8D11-00A0C91BC942}") = "Skillbox_28", "Skillbox_28\Skillbox_28.vcxproj", "{BC4E988D-127B-44A5-B86A-198674EEA5CA}"
EndProject
Project("{8BC9CEB8-8B4A-11D0-8D11-00A0C91BC942}") = "Skillbox_29", "Skillbox_29\Skillbox_29.vcxproj", "{D76DBEB9-760A-4C03-8532-B54F811AC523}"
EndProject
Project("{8BC9CEB8-8B4A-11D0-8D11-00A0C91BC942}") = "Skillbox_30", "Skillbox_30\Skillbox_30.vcxproj", "{52B38189-8F84-469E-ABFF-3FB231CE8C08}"
EndProject
Project("{8BC9CEB8-8B4A-11D0-8D11-00A0C91BC942}") = "Skillbox_31", "Skillbox_31\Skillbox_31.vcxproj", "{94A3ECA6-B9CD-4CC5-8AD5-6CD166626F3A}"
EndProject
Project("{8BC9CEB8-8B4A-11D0-8D11-00A0C91BC942}") = "Skillbox_32", "Skillbox_32\Skillbox_32.vcxproj", "{BAA9751C-9360-4C07-AACE-48DA31172A1B}"
EndProject
Project("{8BC9CEB8-8B4A-11D0-8D11-00A0C91BC942}") = "Skillbox_33", "Skillbox_33\Skillbox_33.vcxproj", "{44162AD5-E89D-4129-85BD-8928E7F272B5}"
EndProject
Project("{8BC9CEB8-8B4A-11D0-8D11-00A0C91BC942}") = "Skillbox_34", "Skillbox_34\Skillbox_34.vcxproj", "{0FB68E62-CB4A-4FD1-AD64-D1767AE7663B}"
EndProject
Project("{8BC9CEB8-8B4A-11D0-8D11-00A0C91BC942}") = "Skillbox_35", "Skillbox_35\Skillbox_35.vcxproj", "{5EAE5067-8633-45DB-B812-43D782056931}"
EndProject
Project("{8BC9CEB8-8B4A-11D0-8D11-00A0C91BC942}") = "Skillbox_36", "Skillbox_36\Skillbox_36.vcxproj", "{92705988-68DC-4368-BB4E-31831CC55795}"
EndProject
Project("{8BC9CEB8-8B4A-11D0-8D11-00A0C91BC942}") = "Test", "Test\Test.vcxproj", "{47AEE8BB-99F1-49CE-BD0F-9277D99A05B4}"
EndProject
Project("{8BC9CEB8-8B4A-11D0-8D11-00A0C91BC942}") = "Skillbox_37", "Skillbox_37\Skillbox_37.vcxproj", "{51367E97-AE75-4218-B390-68D947DFEF87}"
EndProject
Project("{8BC9CEB8-8B4A-11D0-8D11-00A0C91BC942}") = "Skillbox_38", "Skillbox_38\Skillbox_38.vcxproj", "{550C56CC-0CFF-4767-A9EB-B15C7FFC6FDA}"
EndProject
Project("{8BC9CEB8-8B4A-11D0-8D11-00A0C91BC942}") = "Skillbox_39", "Skillbox_39\Skillbox_39.vcxproj", "{28E29041-7846-4566-A617-52A00880646F}"
EndProject
Project("{8BC9CEB8-8B4A-11D0-8D11-00A0C91BC942}") = "Skillbox_40", "Skillbox_40\Skillbox_40.vcxproj", "{AF4BAFCA-D8F8-4645-8DD3-58FCB8E81686}"
EndProject
Project("{8BC9CEB8-8B4A-11D0-8D11-00A0C91BC942}") = "Skillbox_41", "Skillbox_41\Skillbox_41.vcxproj", "{0A20279F-F0D4-4E69-9AD3-0F70F67A4968}"
EndProject
Project("{8BC9CEB8-8B4A-11D0-8D11-00A0C91BC942}") = "Skillbox_42", "Skillbox_42\Skillbox_42.vcxproj", "{289CDA0E-90AF-4F0C-8B37-92F56C0A7EDA}"
EndProject
Project("{8BC9CEB8-8B4A-11D0-8D11-00A0C91BC942}") = "Skillbox_43", "Skillbox_43\Skillbox_43.vcxproj", "{5A8E46B1-5A1D-42D5-AC82-04ADBAC8D53C}"
EndProject
Project("{8BC9CEB8-8B4A-11D0-8D11-00A0C91BC942}") = "Skillbox_44", "Skillbox_44\Skillbox_44.vcxproj", "{9A6F575D-93F9-4FFA-915C-AFE5C83FAE52}"
EndProject
Project("{8BC9CEB8-8B4A-11D0-8D11-00A0C91BC942}") = "Skillbox_45", "Skillbox_45\Skillbox_45.vcxproj", "{423B36AE-07A6-45DB-BF07-1B4B6FC486E4}"
EndProject
Project("{8BC9CEB8-8B4A-11D0-8D11-00A0C91BC942}") = "Skillbox_46", "Skillbox_46\Skillbox_46.vcxproj", "{541B2A96-9BF8-4874-B300-170F54C99C9B}"
EndProject
Project("{8BC9CEB8-8B4A-11D0-8D11-00A0C91BC942}") = "Skillbox_47", "Skillbox_47\Skillbox_47.vcxproj", "{4002BB07-EF54-47DB-9EBC-27F1E9898F13}"
EndProject
Project("{8BC9CEB8-8B4A-11D0-8D11-00A0C91BC942}") = "Skillbox_48", "Skillbox_48\Skillbox_48.vcxproj", "{E5EDC005-5640-478A-8C5D-546B80B9BB90}"
EndProject
Project("{8BC9CEB8-8B4A-11D0-8D11-00A0C91BC942}") = "Skillbox_49", "Skillbox_49\Skillbox_49.vcxproj", "{AAC5E2D9-3876-4956-8D0F-7214A8ECCC36}"
EndProject
Project("{8BC9CEB8-8B4A-11D0-8D11-00A0C91BC942}") = "Skillbox_50", "Skillbox_50\Skillbox_50.vcxproj", "{4F7D2378-636F-4FE8-9453-42D3B64555CE}"
EndProject
Project("{8BC9CEB8-8B4A-11D0-8D11-00A0C91BC942}") = "Skillbox_51", "Skillbox_51\Skillbox_51.vcxproj", "{3945C990-65DE-42B6-AEA2-0D95635DED9C}"
EndProject
Project("{8BC9CEB8-8B4A-11D0-8D11-00A0C91BC942}") = "Skillbox_52", "Skillbox_52\Skillbox_52.vcxproj", "{DA97394C-DA80-4040-AADE-DEA4595C02E4}"
EndProject
Project("{8BC9CEB8-8B4A-11D0-8D11-00A0C91BC942}") = "Skillbox_53", "Skillbox_53\Skillbox_53.vcxproj", "{29A6788F-B4D0-4813-80F6-8618332A8523}"
EndProject
Project("{8BC9CEB8-8B4A-11D0-8D11-00A0C91BC942}") = "Skillbox_54", "Skillbox_54\Skillbox_54.vcxproj", "{310EDDD4-9054-4B67-AF31-D8FC22DE66BF}"
EndProject
Project("{8BC9CEB8-8B4A-11D0-8D11-00A0C91BC942}") = "Skillbox_55", "Skillbox_55\Skillbox_55.vcxproj", "{3D0F85FD-E0C6-41FE-850D-44CC14EB7A49}"
EndProject
Project("{8BC9CEB8-8B4A-11D0-8D11-00A0C91BC942}") = "Skillbox_56", "Skillbox_56\Skillbox_56.vcxproj", "{8DBED8C7-CE1C-4C48-85B6-B2A7FEF8DC7D}"
EndProject
Project("{8BC9CEB8-8B4A-11D0-8D11-00A0C91BC942}") = "Skillboч_57", "Skillboч_57\Skillboч_57.vcxproj", "{2D661515-345A-4570-A95F-BF22AB0AD1D4}"
EndProject
Project("{8BC9CEB8-8B4A-11D0-8D11-00A0C91BC942}") = "Skillbox_58", "Skillbox_58\Skillbox_58.vcxproj", "{244B8470-C70C-49C6-AC56-587823C3D89F}"
EndProject
Project("{8BC9CEB8-8B4A-11D0-8D11-00A0C91BC942}") = "Skillbox_59", "Skillbox_59\Skillbox_59.vcxproj", "{DCB44316-EBD9-41D0-B9FF-5FBF7FAA0F61}"
EndProject
Project("{8BC9CEB8-8B4A-11D0-8D11-00A0C91BC942}") = "Skillbox_60", "Skillbox_60\Skillbox_60.vcxproj", "{E71D2017-12DA-43C4-9589-265444D16554}"
EndProject
Project("{8BC9CEB8-8B4A-11D0-8D11-00A0C91BC942}") = "Skillbox_61", "Skillbox_61\Skillbox_61.vcxproj", "{1747A8E3-FCD4-4CF3-A1FE-D6E898F5D842}"
EndProject
Project("{8BC9CEB8-8B4A-11D0-8D11-00A0C91BC942}") = "Skillbox_62", "Skillbox_62\Skillbox_62.vcxproj", "{B98B21D0-881D-4FCA-8E9B-B41F8756F9D0}"
EndProject
Project("{8BC9CEB8-8B4A-11D0-8D11-00A0C91BC942}") = "Skillbox_63", "Skillbox_63\Skillbox_63.vcxproj", "{26A715A9-2637-479C-8F3B-32BFE128C217}"
EndProject
Global
	GlobalSection(SolutionConfigurationPlatforms) = preSolution
		Debug|x64 = Debug|x64
		Debug|x86 = Debug|x86
		Release|x64 = Release|x64
		Release|x86 = Release|x86
	EndGlobalSection
	GlobalSection(ProjectConfigurationPlatforms) = postSolution
		{61414AC4-835D-46DC-8162-96E9CF4EBAE3}.Debug|x64.ActiveCfg = Debug|x64
		{61414AC4-835D-46DC-8162-96E9CF4EBAE3}.Debug|x64.Build.0 = Debug|x64
		{61414AC4-835D-46DC-8162-96E9CF4EBAE3}.Debug|x86.ActiveCfg = Debug|Win32
		{61414AC4-835D-46DC-8162-96E9CF4EBAE3}.Debug|x86.Build.0 = Debug|Win32
		{61414AC4-835D-46DC-8162-96E9CF4EBAE3}.Release|x64.ActiveCfg = Release|x64
		{61414AC4-835D-46DC-8162-96E9CF4EBAE3}.Release|x64.Build.0 = Release|x64
		{61414AC4-835D-46DC-8162-96E9CF4EBAE3}.Release|x86.ActiveCfg = Release|Win32
		{61414AC4-835D-46DC-8162-96E9CF4EBAE3}.Release|x86.Build.0 = Release|Win32
		{CB69C09B-5DCF-4FE8-A98C-CDCBA07071F7}.Debug|x64.ActiveCfg = Debug|x64
		{CB69C09B-5DCF-4FE8-A98C-CDCBA07071F7}.Debug|x64.Build.0 = Debug|x64
		{CB69C09B-5DCF-4FE8-A98C-CDCBA07071F7}.Debug|x86.ActiveCfg = Debug|Win32
		{CB69C09B-5DCF-4FE8-A98C-CDCBA07071F7}.Debug|x86.Build.0 = Debug|Win32
		{CB69C09B-5DCF-4FE8-A98C-CDCBA07071F7}.Release|x64.ActiveCfg = Release|x64
		{CB69C09B-5DCF-4FE8-A98C-CDCBA07071F7}.Release|x64.Build.0 = Release|x64
		{CB69C09B-5DCF-4FE8-A98C-CDCBA07071F7}.Release|x86.ActiveCfg = Release|Win32
		{CB69C09B-5DCF-4FE8-A98C-CDCBA07071F7}.Release|x86.Build.0 = Release|Win32
		{6256BD94-39E8-43E6-9B9C-91A15C369C18}.Debug|x64.ActiveCfg = Debug|x64
		{6256BD94-39E8-43E6-9B9C-91A15C369C18}.Debug|x64.Build.0 = Debug|x64
		{6256BD94-39E8-43E6-9B9C-91A15C369C18}.Debug|x86.ActiveCfg = Debug|Win32
		{6256BD94-39E8-43E6-9B9C-91A15C369C18}.Debug|x86.Build.0 = Debug|Win32
		{6256BD94-39E8-43E6-9B9C-91A15C369C18}.Release|x64.ActiveCfg = Release|x64
		{6256BD94-39E8-43E6-9B9C-91A15C369C18}.Release|x64.Build.0 = Release|x64
		{6256BD94-39E8-43E6-9B9C-91A15C369C18}.Release|x86.ActiveCfg = Release|Win32
		{6256BD94-39E8-43E6-9B9C-91A15C369C18}.Release|x86.Build.0 = Release|Win32
		{8920621E-A5D5-4927-80CF-CE15C9372B8E}.Debug|x64.ActiveCfg = Debug|x64
		{8920621E-A5D5-4927-80CF-CE15C9372B8E}.Debug|x64.Build.0 = Debug|x64
		{8920621E-A5D5-4927-80CF-CE15C9372B8E}.Debug|x86.ActiveCfg = Debug|Win32
		{8920621E-A5D5-4927-80CF-CE15C9372B8E}.Debug|x86.Build.0 = Debug|Win32
		{8920621E-A5D5-4927-80CF-CE15C9372B8E}.Release|x64.ActiveCfg = Release|x64
		{8920621E-A5D5-4927-80CF-CE15C9372B8E}.Release|x64.Build.0 = Release|x64
		{8920621E-A5D5-4927-80CF-CE15C9372B8E}.Release|x86.ActiveCfg = Release|Win32
		{8920621E-A5D5-4927-80CF-CE15C9372B8E}.Release|x86.Build.0 = Release|Win32
		{E9C29974-0988-4E2F-87A8-35E3129A8098}.Debug|x64.ActiveCfg = Debug|x64
		{E9C29974-0988-4E2F-87A8-35E3129A8098}.Debug|x64.Build.0 = Debug|x64
		{E9C29974-0988-4E2F-87A8-35E3129A8098}.Debug|x86.ActiveCfg = Debug|Win32
		{E9C29974-0988-4E2F-87A8-35E3129A8098}.Debug|x86.Build.0 = Debug|Win32
		{E9C29974-0988-4E2F-87A8-35E3129A8098}.Release|x64.ActiveCfg = Release|x64
		{E9C29974-0988-4E2F-87A8-35E3129A8098}.Release|x64.Build.0 = Release|x64
		{E9C29974-0988-4E2F-87A8-35E3129A8098}.Release|x86.ActiveCfg = Release|Win32
		{E9C29974-0988-4E2F-87A8-35E3129A8098}.Release|x86.Build.0 = Release|Win32
		{1B96AD76-6F56-434A-8C03-CB6A5B479D0A}.Debug|x64.ActiveCfg = Debug|x64
		{1B96AD76-6F56-434A-8C03-CB6A5B479D0A}.Debug|x64.Build.0 = Debug|x64
		{1B96AD76-6F56-434A-8C03-CB6A5B479D0A}.Debug|x86.ActiveCfg = Debug|Win32
		{1B96AD76-6F56-434A-8C03-CB6A5B479D0A}.Debug|x86.Build.0 = Debug|Win32
		{1B96AD76-6F56-434A-8C03-CB6A5B479D0A}.Release|x64.ActiveCfg = Release|x64
		{1B96AD76-6F56-434A-8C03-CB6A5B479D0A}.Release|x64.Build.0 = Release|x64
		{1B96AD76-6F56-434A-8C03-CB6A5B479D0A}.Release|x86.ActiveCfg = Release|Win32
		{1B96AD76-6F56-434A-8C03-CB6A5B479D0A}.Release|x86.Build.0 = Release|Win32
		{F84237CA-6243-4246-83F3-8E40D2DED054}.Debug|x64.ActiveCfg = Debug|x64
		{F84237CA-6243-4246-83F3-8E40D2DED054}.Debug|x64.Build.0 = Debug|x64
		{F84237CA-6243-4246-83F3-8E40D2DED054}.Debug|x86.ActiveCfg = Debug|Win32
		{F84237CA-6243-4246-83F3-8E40D2DED054}.Debug|x86.Build.0 = Debug|Win32
		{F84237CA-6243-4246-83F3-8E40D2DED054}.Release|x64.ActiveCfg = Release|x64
		{F84237CA-6243-4246-83F3-8E40D2DED054}.Release|x64.Build.0 = Release|x64
		{F84237CA-6243-4246-83F3-8E40D2DED054}.Release|x86.ActiveCfg = Release|Win32
		{F84237CA-6243-4246-83F3-8E40D2DED054}.Release|x86.Build.0 = Release|Win32
		{2311EA68-1746-4565-BE80-EA0A2CA243E8}.Debug|x64.ActiveCfg = Debug|x64
		{2311EA68-1746-4565-BE80-EA0A2CA243E8}.Debug|x64.Build.0 = Debug|x64
		{2311EA68-1746-4565-BE80-EA0A2CA243E8}.Debug|x86.ActiveCfg = Debug|Win32
		{2311EA68-1746-4565-BE80-EA0A2CA243E8}.Debug|x86.Build.0 = Debug|Win32
		{2311EA68-1746-4565-BE80-EA0A2CA243E8}.Release|x64.ActiveCfg = Release|x64
		{2311EA68-1746-4565-BE80-EA0A2CA243E8}.Release|x64.Build.0 = Release|x64
		{2311EA68-1746-4565-BE80-EA0A2CA243E8}.Release|x86.ActiveCfg = Release|Win32
		{2311EA68-1746-4565-BE80-EA0A2CA243E8}.Release|x86.Build.0 = Release|Win32
		{D7E75A77-6FCF-4FFA-ABBE-DF03A19DCE6D}.Debug|x64.ActiveCfg = Debug|x64
		{D7E75A77-6FCF-4FFA-ABBE-DF03A19DCE6D}.Debug|x64.Build.0 = Debug|x64
		{D7E75A77-6FCF-4FFA-ABBE-DF03A19DCE6D}.Debug|x86.ActiveCfg = Debug|Win32
		{D7E75A77-6FCF-4FFA-ABBE-DF03A19DCE6D}.Debug|x86.Build.0 = Debug|Win32
		{D7E75A77-6FCF-4FFA-ABBE-DF03A19DCE6D}.Release|x64.ActiveCfg = Release|x64
		{D7E75A77-6FCF-4FFA-ABBE-DF03A19DCE6D}.Release|x64.Build.0 = Release|x64
		{D7E75A77-6FCF-4FFA-ABBE-DF03A19DCE6D}.Release|x86.ActiveCfg = Release|Win32
		{D7E75A77-6FCF-4FFA-ABBE-DF03A19DCE6D}.Release|x86.Build.0 = Release|Win32
		{D9450D0F-23EE-4F3E-B79D-631381CC6952}.Debug|x64.ActiveCfg = Debug|x64
		{D9450D0F-23EE-4F3E-B79D-631381CC6952}.Debug|x64.Build.0 = Debug|x64
		{D9450D0F-23EE-4F3E-B79D-631381CC6952}.Debug|x86.ActiveCfg = Debug|Win32
		{D9450D0F-23EE-4F3E-B79D-631381CC6952}.Debug|x86.Build.0 = Debug|Win32
		{D9450D0F-23EE-4F3E-B79D-631381CC6952}.Release|x64.ActiveCfg = Release|x64
		{D9450D0F-23EE-4F3E-B79D-631381CC6952}.Release|x64.Build.0 = Release|x64
		{D9450D0F-23EE-4F3E-B79D-631381CC6952}.Release|x86.ActiveCfg = Release|Win32
		{D9450D0F-23EE-4F3E-B79D-631381CC6952}.Release|x86.Build.0 = Release|Win32
		{8B8BE2DD-A0F5-4B88-91DA-04B19BF8ACDA}.Debug|x64.ActiveCfg = Debug|x64
		{8B8BE2DD-A0F5-4B88-91DA-04B19BF8ACDA}.Debug|x64.Build.0 = Debug|x64
		{8B8BE2DD-A0F5-4B88-91DA-04B19BF8ACDA}.Debug|x86.ActiveCfg = Debug|Win32
		{8B8BE2DD-A0F5-4B88-91DA-04B19BF8ACDA}.Debug|x86.Build.0 = Debug|Win32
		{8B8BE2DD-A0F5-4B88-91DA-04B19BF8ACDA}.Release|x64.ActiveCfg = Release|x64
		{8B8BE2DD-A0F5-4B88-91DA-04B19BF8ACDA}.Release|x64.Build.0 = Release|x64
		{8B8BE2DD-A0F5-4B88-91DA-04B19BF8ACDA}.Release|x86.ActiveCfg = Release|Win32
		{8B8BE2DD-A0F5-4B88-91DA-04B19BF8ACDA}.Release|x86.Build.0 = Release|Win32
		{1265618A-A174-4101-8105-A57D513FEEC7}.Debug|x64.ActiveCfg = Debug|x64
		{1265618A-A174-4101-8105-A57D513FEEC7}.Debug|x64.Build.0 = Debug|x64
		{1265618A-A174-4101-8105-A57D513FEEC7}.Debug|x86.ActiveCfg = Debug|Win32
		{1265618A-A174-4101-8105-A57D513FEEC7}.Debug|x86.Build.0 = Debug|Win32
		{1265618A-A174-4101-8105-A57D513FEEC7}.Release|x64.ActiveCfg = Release|x64
		{1265618A-A174-4101-8105-A57D513FEEC7}.Release|x64.Build.0 = Release|x64
		{1265618A-A174-4101-8105-A57D513FEEC7}.Release|x86.ActiveCfg = Release|Win32
		{1265618A-A174-4101-8105-A57D513FEEC7}.Release|x86.Build.0 = Release|Win32
		{F9727457-989F-456F-8F06-C12EA4260701}.Debug|x64.ActiveCfg = Debug|x64
		{F9727457-989F-456F-8F06-C12EA4260701}.Debug|x64.Build.0 = Debug|x64
		{F9727457-989F-456F-8F06-C12EA4260701}.Debug|x86.ActiveCfg = Debug|Win32
		{F9727457-989F-456F-8F06-C12EA4260701}.Debug|x86.Build.0 = Debug|Win32
		{F9727457-989F-456F-8F06-C12EA4260701}.Release|x64.ActiveCfg = Release|x64
		{F9727457-989F-456F-8F06-C12EA4260701}.Release|x64.Build.0 = Release|x64
		{F9727457-989F-456F-8F06-C12EA4260701}.Release|x86.ActiveCfg = Release|Win32
		{F9727457-989F-456F-8F06-C12EA4260701}.Release|x86.Build.0 = Release|Win32
		{A70D7816-E5FF-4347-8135-1B9B283C6321}.Debug|x64.ActiveCfg = Debug|x64
		{A70D7816-E5FF-4347-8135-1B9B283C6321}.Debug|x64.Build.0 = Debug|x64
		{A70D7816-E5FF-4347-8135-1B9B283C6321}.Debug|x86.ActiveCfg = Debug|Win32
		{A70D7816-E5FF-4347-8135-1B9B283C6321}.Debug|x86.Build.0 = Debug|Win32
		{A70D7816-E5FF-4347-8135-1B9B283C6321}.Release|x64.ActiveCfg = Release|x64
		{A70D7816-E5FF-4347-8135-1B9B283C6321}.Release|x64.Build.0 = Release|x64
		{A70D7816-E5FF-4347-8135-1B9B283C6321}.Release|x86.ActiveCfg = Release|Win32
		{A70D7816-E5FF-4347-8135-1B9B283C6321}.Release|x86.Build.0 = Release|Win32
		{9568A02E-CCC6-4E26-8603-DA5E9047A3DD}.Debug|x64.ActiveCfg = Debug|x64
		{9568A02E-CCC6-4E26-8603-DA5E9047A3DD}.Debug|x64.Build.0 = Debug|x64
		{9568A02E-CCC6-4E26-8603-DA5E9047A3DD}.Debug|x86.ActiveCfg = Debug|Win32
		{9568A02E-CCC6-4E26-8603-DA5E9047A3DD}.Debug|x86.Build.0 = Debug|Win32
		{9568A02E-CCC6-4E26-8603-DA5E9047A3DD}.Release|x64.ActiveCfg = Release|x64
		{9568A02E-CCC6-4E26-8603-DA5E9047A3DD}.Release|x64.Build.0 = Release|x64
		{9568A02E-CCC6-4E26-8603-DA5E9047A3DD}.Release|x86.ActiveCfg = Release|Win32
		{9568A02E-CCC6-4E26-8603-DA5E9047A3DD}.Release|x86.Build.0 = Release|Win32
		{5C78B263-3519-46FF-A36E-DDF916B79881}.Debug|x64.ActiveCfg = Debug|x64
		{5C78B263-3519-46FF-A36E-DDF916B79881}.Debug|x64.Build.0 = Debug|x64
		{5C78B263-3519-46FF-A36E-DDF916B79881}.Debug|x86.ActiveCfg = Debug|Win32
		{5C78B263-3519-46FF-A36E-DDF916B79881}.Debug|x86.Build.0 = Debug|Win32
		{5C78B263-3519-46FF-A36E-DDF916B79881}.Release|x64.ActiveCfg = Release|x64
		{5C78B263-3519-46FF-A36E-DDF916B79881}.Release|x64.Build.0 = Release|x64
		{5C78B263-3519-46FF-A36E-DDF916B79881}.Release|x86.ActiveCfg = Release|Win32
		{5C78B263-3519-46FF-A36E-DDF916B79881}.Release|x86.Build.0 = Release|Win32
		{4915CA61-9AED-45B7-87C9-7C2DD9F3EE64}.Debug|x64.ActiveCfg = Debug|x64
		{4915CA61-9AED-45B7-87C9-7C2DD9F3EE64}.Debug|x64.Build.0 = Debug|x64
		{4915CA61-9AED-45B7-87C9-7C2DD9F3EE64}.Debug|x86.ActiveCfg = Debug|Win32
		{4915CA61-9AED-45B7-87C9-7C2DD9F3EE64}.Debug|x86.Build.0 = Debug|Win32
		{4915CA61-9AED-45B7-87C9-7C2DD9F3EE64}.Release|x64.ActiveCfg = Release|x64
		{4915CA61-9AED-45B7-87C9-7C2DD9F3EE64}.Release|x64.Build.0 = Release|x64
		{4915CA61-9AED-45B7-87C9-7C2DD9F3EE64}.Release|x86.ActiveCfg = Release|Win32
		{4915CA61-9AED-45B7-87C9-7C2DD9F3EE64}.Release|x86.Build.0 = Release|Win32
		{2D9CADBF-FB9A-486E-B328-E7E7B239A2EA}.Debug|x64.ActiveCfg = Debug|x64
		{2D9CADBF-FB9A-486E-B328-E7E7B239A2EA}.Debug|x64.Build.0 = Debug|x64
		{2D9CADBF-FB9A-486E-B328-E7E7B239A2EA}.Debug|x86.ActiveCfg = Debug|Win32
		{2D9CADBF-FB9A-486E-B328-E7E7B239A2EA}.Debug|x86.Build.0 = Debug|Win32
		{2D9CADBF-FB9A-486E-B328-E7E7B239A2EA}.Release|x64.ActiveCfg = Release|x64
		{2D9CADBF-FB9A-486E-B328-E7E7B239A2EA}.Release|x64.Build.0 = Release|x64
		{2D9CADBF-FB9A-486E-B328-E7E7B239A2EA}.Release|x86.ActiveCfg = Release|Win32
		{2D9CADBF-FB9A-486E-B328-E7E7B239A2EA}.Release|x86.Build.0 = Release|Win32
		{2F01B742-19F9-4159-850E-21B05E799106}.Debug|x64.ActiveCfg = Debug|x64
		{2F01B742-19F9-4159-850E-21B05E799106}.Debug|x64.Build.0 = Debug|x64
		{2F01B742-19F9-4159-850E-21B05E799106}.Debug|x86.ActiveCfg = Debug|Win32
		{2F01B742-19F9-4159-850E-21B05E799106}.Debug|x86.Build.0 = Debug|Win32
		{2F01B742-19F9-4159-850E-21B05E799106}.Release|x64.ActiveCfg = Release|x64
		{2F01B742-19F9-4159-850E-21B05E799106}.Release|x64.Build.0 = Release|x64
		{2F01B742-19F9-4159-850E-21B05E799106}.Release|x86.ActiveCfg = Release|Win32
		{2F01B742-19F9-4159-850E-21B05E799106}.Release|x86.Build.0 = Release|Win32
		{31986968-4A3F-4D3C-BC0B-9FCFE87AC1AF}.Debug|x64.ActiveCfg = Debug|x64
		{31986968-4A3F-4D3C-BC0B-9FCFE87AC1AF}.Debug|x64.Build.0 = Debug|x64
		{31986968-4A3F-4D3C-BC0B-9FCFE87AC1AF}.Debug|x86.ActiveCfg = Debug|Win32
		{31986968-4A3F-4D3C-BC0B-9FCFE87AC1AF}.Debug|x86.Build.0 = Debug|Win32
		{31986968-4A3F-4D3C-BC0B-9FCFE87AC1AF}.Release|x64.ActiveCfg = Release|x64
		{31986968-4A3F-4D3C-BC0B-9FCFE87AC1AF}.Release|x64.Build.0 = Release|x64
		{31986968-4A3F-4D3C-BC0B-9FCFE87AC1AF}.Release|x86.ActiveCfg = Release|Win32
		{31986968-4A3F-4D3C-BC0B-9FCFE87AC1AF}.Release|x86.Build.0 = Release|Win32
		{599288C3-85D5-4F51-849E-42C6AA0477EE}.Debug|x64.ActiveCfg = Debug|x64
		{599288C3-85D5-4F51-849E-42C6AA0477EE}.Debug|x64.Build.0 = Debug|x64
		{599288C3-85D5-4F51-849E-42C6AA0477EE}.Debug|x86.ActiveCfg = Debug|Win32
		{599288C3-85D5-4F51-849E-42C6AA0477EE}.Debug|x86.Build.0 = Debug|Win32
		{599288C3-85D5-4F51-849E-42C6AA0477EE}.Release|x64.ActiveCfg = Release|x64
		{599288C3-85D5-4F51-849E-42C6AA0477EE}.Release|x64.Build.0 = Release|x64
		{599288C3-85D5-4F51-849E-42C6AA0477EE}.Release|x86.ActiveCfg = Release|Win32
		{599288C3-85D5-4F51-849E-42C6AA0477EE}.Release|x86.Build.0 = Release|Win32
		{F489053B-79F3-4FE8-8589-9D85AAFDFAB3}.Debug|x64.ActiveCfg = Debug|x64
		{F489053B-79F3-4FE8-8589-9D85AAFDFAB3}.Debug|x64.Build.0 = Debug|x64
		{F489053B-79F3-4FE8-8589-9D85AAFDFAB3}.Debug|x86.ActiveCfg = Debug|Win32
		{F489053B-79F3-4FE8-8589-9D85AAFDFAB3}.Debug|x86.Build.0 = Debug|Win32
		{F489053B-79F3-4FE8-8589-9D85AAFDFAB3}.Release|x64.ActiveCfg = Release|x64
		{F489053B-79F3-4FE8-8589-9D85AAFDFAB3}.Release|x64.Build.0 = Release|x64
		{F489053B-79F3-4FE8-8589-9D85AAFDFAB3}.Release|x86.ActiveCfg = Release|Win32
		{F489053B-79F3-4FE8-8589-9D85AAFDFAB3}.Release|x86.Build.0 = Release|Win32
		{A3F9515A-FC11-43FB-9511-72F3D93A5D2B}.Debug|x64.ActiveCfg = Debug|x64
		{A3F9515A-FC11-43FB-9511-72F3D93A5D2B}.Debug|x64.Build.0 = Debug|x64
		{A3F9515A-FC11-43FB-9511-72F3D93A5D2B}.Debug|x86.ActiveCfg = Debug|Win32
		{A3F9515A-FC11-43FB-9511-72F3D93A5D2B}.Debug|x86.Build.0 = Debug|Win32
		{A3F9515A-FC11-43FB-9511-72F3D93A5D2B}.Release|x64.ActiveCfg = Release|x64
		{A3F9515A-FC11-43FB-9511-72F3D93A5D2B}.Release|x64.Build.0 = Release|x64
		{A3F9515A-FC11-43FB-9511-72F3D93A5D2B}.Release|x86.ActiveCfg = Release|Win32
		{A3F9515A-FC11-43FB-9511-72F3D93A5D2B}.Release|x86.Build.0 = Release|Win32
		{CD9C3471-6F09-4B95-8D5D-2BA698D258A6}.Debug|x64.ActiveCfg = Debug|x64
		{CD9C3471-6F09-4B95-8D5D-2BA698D258A6}.Debug|x64.Build.0 = Debug|x64
		{CD9C3471-6F09-4B95-8D5D-2BA698D258A6}.Debug|x86.ActiveCfg = Debug|Win32
		{CD9C3471-6F09-4B95-8D5D-2BA698D258A6}.Debug|x86.Build.0 = Debug|Win32
		{CD9C3471-6F09-4B95-8D5D-2BA698D258A6}.Release|x64.ActiveCfg = Release|x64
		{CD9C3471-6F09-4B95-8D5D-2BA698D258A6}.Release|x64.Build.0 = Release|x64
		{CD9C3471-6F09-4B95-8D5D-2BA698D258A6}.Release|x86.ActiveCfg = Release|Win32
		{CD9C3471-6F09-4B95-8D5D-2BA698D258A6}.Release|x86.Build.0 = Release|Win32
		{37610DF7-6369-4151-8DE6-37C6A1FD779B}.Debug|x64.ActiveCfg = Debug|x64
		{37610DF7-6369-4151-8DE6-37C6A1FD779B}.Debug|x64.Build.0 = Debug|x64
		{37610DF7-6369-4151-8DE6-37C6A1FD779B}.Debug|x86.ActiveCfg = Debug|Win32
		{37610DF7-6369-4151-8DE6-37C6A1FD779B}.Debug|x86.Build.0 = Debug|Win32
		{37610DF7-6369-4151-8DE6-37C6A1FD779B}.Release|x64.ActiveCfg = Release|x64
		{37610DF7-6369-4151-8DE6-37C6A1FD779B}.Release|x64.Build.0 = Release|x64
		{37610DF7-6369-4151-8DE6-37C6A1FD779B}.Release|x86.ActiveCfg = Release|Win32
		{37610DF7-6369-4151-8DE6-37C6A1FD779B}.Release|x86.Build.0 = Release|Win32
		{A1FDEA94-542E-4E26-B2E9-3FD69F603901}.Debug|x64.ActiveCfg = Debug|x64
		{A1FDEA94-542E-4E26-B2E9-3FD69F603901}.Debug|x64.Build.0 = Debug|x64
		{A1FDEA94-542E-4E26-B2E9-3FD69F603901}.Debug|x86.ActiveCfg = Debug|Win32
		{A1FDEA94-542E-4E26-B2E9-3FD69F603901}.Debug|x86.Build.0 = Debug|Win32
		{A1FDEA94-542E-4E26-B2E9-3FD69F603901}.Release|x64.ActiveCfg = Release|x64
		{A1FDEA94-542E-4E26-B2E9-3FD69F603901}.Release|x64.Build.0 = Release|x64
		{A1FDEA94-542E-4E26-B2E9-3FD69F603901}.Release|x86.ActiveCfg = Release|Win32
		{A1FDEA94-542E-4E26-B2E9-3FD69F603901}.Release|x86.Build.0 = Release|Win32
		{988A4B4B-671E-47EE-8052-7513D13AF38C}.Debug|x64.ActiveCfg = Debug|x64
		{988A4B4B-671E-47EE-8052-7513D13AF38C}.Debug|x64.Build.0 = Debug|x64
		{988A4B4B-671E-47EE-8052-7513D13AF38C}.Debug|x86.ActiveCfg = Debug|Win32
		{988A4B4B-671E-47EE-8052-7513D13AF38C}.Debug|x86.Build.0 = Debug|Win32
		{988A4B4B-671E-47EE-8052-7513D13AF38C}.Release|x64.ActiveCfg = Release|x64
		{988A4B4B-671E-47EE-8052-7513D13AF38C}.Release|x64.Build.0 = Release|x64
		{988A4B4B-671E-47EE-8052-7513D13AF38C}.Release|x86.ActiveCfg = Release|Win32
		{988A4B4B-671E-47EE-8052-7513D13AF38C}.Release|x86.Build.0 = Release|Win32
		{BC4E988D-127B-44A5-B86A-198674EEA5CA}.Debug|x64.ActiveCfg = Debug|x64
		{BC4E988D-127B-44A5-B86A-198674EEA5CA}.Debug|x64.Build.0 = Debug|x64
		{BC4E988D-127B-44A5-B86A-198674EEA5CA}.Debug|x86.ActiveCfg = Debug|Win32
		{BC4E988D-127B-44A5-B86A-198674EEA5CA}.Debug|x86.Build.0 = Debug|Win32
		{BC4E988D-127B-44A5-B86A-198674EEA5CA}.Release|x64.ActiveCfg = Release|x64
		{BC4E988D-127B-44A5-B86A-198674EEA5CA}.Release|x64.Build.0 = Release|x64
		{BC4E988D-127B-44A5-B86A-198674EEA5CA}.Release|x86.ActiveCfg = Release|Win32
		{BC4E988D-127B-44A5-B86A-198674EEA5CA}.Release|x86.Build.0 = Release|Win32
		{D76DBEB9-760A-4C03-8532-B54F811AC523}.Debug|x64.ActiveCfg = Debug|x64
		{D76DBEB9-760A-4C03-8532-B54F811AC523}.Debug|x64.Build.0 = Debug|x64
		{D76DBEB9-760A-4C03-8532-B54F811AC523}.Debug|x86.ActiveCfg = Debug|Win32
		{D76DBEB9-760A-4C03-8532-B54F811AC523}.Debug|x86.Build.0 = Debug|Win32
		{D76DBEB9-760A-4C03-8532-B54F811AC523}.Release|x64.ActiveCfg = Release|x64
		{D76DBEB9-760A-4C03-8532-B54F811AC523}.Release|x64.Build.0 = Release|x64
		{D76DBEB9-760A-4C03-8532-B54F811AC523}.Release|x86.ActiveCfg = Release|Win32
		{D76DBEB9-760A-4C03-8532-B54F811AC523}.Release|x86.Build.0 = Release|Win32
		{52B38189-8F84-469E-ABFF-3FB231CE8C08}.Debug|x64.ActiveCfg = Debug|x64
		{52B38189-8F84-469E-ABFF-3FB231CE8C08}.Debug|x64.Build.0 = Debug|x64
		{52B38189-8F84-469E-ABFF-3FB231CE8C08}.Debug|x86.ActiveCfg = Debug|Win32
		{52B38189-8F84-469E-ABFF-3FB231CE8C08}.Debug|x86.Build.0 = Debug|Win32
		{52B38189-8F84-469E-ABFF-3FB231CE8C08}.Release|x64.ActiveCfg = Release|x64
		{52B38189-8F84-469E-ABFF-3FB231CE8C08}.Release|x64.Build.0 = Release|x64
		{52B38189-8F84-469E-ABFF-3FB231CE8C08}.Release|x86.ActiveCfg = Release|Win32
		{52B38189-8F84-469E-ABFF-3FB231CE8C08}.Release|x86.Build.0 = Release|Win32
		{94A3ECA6-B9CD-4CC5-8AD5-6CD166626F3A}.Debug|x64.ActiveCfg = Debug|x64
		{94A3ECA6-B9CD-4CC5-8AD5-6CD166626F3A}.Debug|x64.Build.0 = Debug|x64
		{94A3ECA6-B9CD-4CC5-8AD5-6CD166626F3A}.Debug|x86.ActiveCfg = Debug|Win32
		{94A3ECA6-B9CD-4CC5-8AD5-6CD166626F3A}.Debug|x86.Build.0 = Debug|Win32
		{94A3ECA6-B9CD-4CC5-8AD5-6CD166626F3A}.Release|x64.ActiveCfg = Release|x64
		{94A3ECA6-B9CD-4CC5-8AD5-6CD166626F3A}.Release|x64.Build.0 = Release|x64
		{94A3ECA6-B9CD-4CC5-8AD5-6CD166626F3A}.Release|x86.ActiveCfg = Release|Win32
		{94A3ECA6-B9CD-4CC5-8AD5-6CD166626F3A}.Release|x86.Build.0 = Release|Win32
		{BAA9751C-9360-4C07-AACE-48DA31172A1B}.Debug|x64.ActiveCfg = Debug|x64
		{BAA9751C-9360-4C07-AACE-48DA31172A1B}.Debug|x64.Build.0 = Debug|x64
		{BAA9751C-9360-4C07-AACE-48DA31172A1B}.Debug|x86.ActiveCfg = Debug|Win32
		{BAA9751C-9360-4C07-AACE-48DA31172A1B}.Debug|x86.Build.0 = Debug|Win32
		{BAA9751C-9360-4C07-AACE-48DA31172A1B}.Release|x64.ActiveCfg = Release|x64
		{BAA9751C-9360-4C07-AACE-48DA31172A1B}.Release|x64.Build.0 = Release|x64
		{BAA9751C-9360-4C07-AACE-48DA31172A1B}.Release|x86.ActiveCfg = Release|Win32
		{BAA9751C-9360-4C07-AACE-48DA31172A1B}.Release|x86.Build.0 = Release|Win32
		{44162AD5-E89D-4129-85BD-8928E7F272B5}.Debug|x64.ActiveCfg = Debug|x64
		{44162AD5-E89D-4129-85BD-8928E7F272B5}.Debug|x64.Build.0 = Debug|x64
		{44162AD5-E89D-4129-85BD-8928E7F272B5}.Debug|x86.ActiveCfg = Debug|Win32
		{44162AD5-E89D-4129-85BD-8928E7F272B5}.Debug|x86.Build.0 = Debug|Win32
		{44162AD5-E89D-4129-85BD-8928E7F272B5}.Release|x64.ActiveCfg = Release|x64
		{44162AD5-E89D-4129-85BD-8928E7F272B5}.Release|x64.Build.0 = Release|x64
		{44162AD5-E89D-4129-85BD-8928E7F272B5}.Release|x86.ActiveCfg = Release|Win32
		{44162AD5-E89D-4129-85BD-8928E7F272B5}.Release|x86.Build.0 = Release|Win32
		{0FB68E62-CB4A-4FD1-AD64-D1767AE7663B}.Debug|x64.ActiveCfg = Debug|x64
		{0FB68E62-CB4A-4FD1-AD64-D1767AE7663B}.Debug|x64.Build.0 = Debug|x64
		{0FB68E62-CB4A-4FD1-AD64-D1767AE7663B}.Debug|x86.ActiveCfg = Debug|Win32
		{0FB68E62-CB4A-4FD1-AD64-D1767AE7663B}.Debug|x86.Build.0 = Debug|Win32
		{0FB68E62-CB4A-4FD1-AD64-D1767AE7663B}.Release|x64.ActiveCfg = Release|x64
		{0FB68E62-CB4A-4FD1-AD64-D1767AE7663B}.Release|x64.Build.0 = Release|x64
		{0FB68E62-CB4A-4FD1-AD64-D1767AE7663B}.Release|x86.ActiveCfg = Release|Win32
		{0FB68E62-CB4A-4FD1-AD64-D1767AE7663B}.Release|x86.Build.0 = Release|Win32
		{5EAE5067-8633-45DB-B812-43D782056931}.Debug|x64.ActiveCfg = Debug|x64
		{5EAE5067-8633-45DB-B812-43D782056931}.Debug|x64.Build.0 = Debug|x64
		{5EAE5067-8633-45DB-B812-43D782056931}.Debug|x86.ActiveCfg = Debug|Win32
		{5EAE5067-8633-45DB-B812-43D782056931}.Debug|x86.Build.0 = Debug|Win32
		{5EAE5067-8633-45DB-B812-43D782056931}.Release|x64.ActiveCfg = Release|x64
		{5EAE5067-8633-45DB-B812-43D782056931}.Release|x64.Build.0 = Release|x64
		{5EAE5067-8633-45DB-B812-43D782056931}.Release|x86.ActiveCfg = Release|Win32
		{5EAE5067-8633-45DB-B812-43D782056931}.Release|x86.Build.0 = Release|Win32
		{92705988-68DC-4368-BB4E-31831CC55795}.Debug|x64.ActiveCfg = Debug|x64
		{92705988-68DC-4368-BB4E-31831CC55795}.Debug|x64.Build.0 = Debug|x64
		{92705988-68DC-4368-BB4E-31831CC55795}.Debug|x86.ActiveCfg = Debug|Win32
		{92705988-68DC-4368-BB4E-31831CC55795}.Debug|x86.Build.0 = Debug|Win32
		{92705988-68DC-4368-BB4E-31831CC55795}.Release|x64.ActiveCfg = Release|x64
		{92705988-68DC-4368-BB4E-31831CC55795}.Release|x64.Build.0 = Release|x64
		{92705988-68DC-4368-BB4E-31831CC55795}.Release|x86.ActiveCfg = Release|Win32
		{92705988-68DC-4368-BB4E-31831CC55795}.Release|x86.Build.0 = Release|Win32
		{47AEE8BB-99F1-49CE-BD0F-9277D99A05B4}.Debug|x64.ActiveCfg = Debug|x64
		{47AEE8BB-99F1-49CE-BD0F-9277D99A05B4}.Debug|x64.Build.0 = Debug|x64
		{47AEE8BB-99F1-49CE-BD0F-9277D99A05B4}.Debug|x86.ActiveCfg = Debug|Win32
		{47AEE8BB-99F1-49CE-BD0F-9277D99A05B4}.Debug|x86.Build.0 = Debug|Win32
		{47AEE8BB-99F1-49CE-BD0F-9277D99A05B4}.Release|x64.ActiveCfg = Release|x64
		{47AEE8BB-99F1-49CE-BD0F-9277D99A05B4}.Release|x64.Build.0 = Release|x64
		{47AEE8BB-99F1-49CE-BD0F-9277D99A05B4}.Release|x86.ActiveCfg = Release|Win32
		{47AEE8BB-99F1-49CE-BD0F-9277D99A05B4}.Release|x86.Build.0 = Release|Win32
		{51367E97-AE75-4218-B390-68D947DFEF87}.Debug|x64.ActiveCfg = Debug|x64
		{51367E97-AE75-4218-B390-68D947DFEF87}.Debug|x64.Build.0 = Debug|x64
		{51367E97-AE75-4218-B390-68D947DFEF87}.Debug|x86.ActiveCfg = Debug|Win32
		{51367E97-AE75-4218-B390-68D947DFEF87}.Debug|x86.Build.0 = Debug|Win32
		{51367E97-AE75-4218-B390-68D947DFEF87}.Release|x64.ActiveCfg = Release|x64
		{51367E97-AE75-4218-B390-68D947DFEF87}.Release|x64.Build.0 = Release|x64
		{51367E97-AE75-4218-B390-68D947DFEF87}.Release|x86.ActiveCfg = Release|Win32
		{51367E97-AE75-4218-B390-68D947DFEF87}.Release|x86.Build.0 = Release|Win32
		{550C56CC-0CFF-4767-A9EB-B15C7FFC6FDA}.Debug|x64.ActiveCfg = Debug|x64
		{550C56CC-0CFF-4767-A9EB-B15C7FFC6FDA}.Debug|x64.Build.0 = Debug|x64
		{550C56CC-0CFF-4767-A9EB-B15C7FFC6FDA}.Debug|x86.ActiveCfg = Debug|Win32
		{550C56CC-0CFF-4767-A9EB-B15C7FFC6FDA}.Debug|x86.Build.0 = Debug|Win32
		{550C56CC-0CFF-4767-A9EB-B15C7FFC6FDA}.Release|x64.ActiveCfg = Release|x64
		{550C56CC-0CFF-4767-A9EB-B15C7FFC6FDA}.Release|x64.Build.0 = Release|x64
		{550C56CC-0CFF-4767-A9EB-B15C7FFC6FDA}.Release|x86.ActiveCfg = Release|Win32
		{550C56CC-0CFF-4767-A9EB-B15C7FFC6FDA}.Release|x86.Build.0 = Release|Win32
		{28E29041-7846-4566-A617-52A00880646F}.Debug|x64.ActiveCfg = Debug|x64
		{28E29041-7846-4566-A617-52A00880646F}.Debug|x64.Build.0 = Debug|x64
		{28E29041-7846-4566-A617-52A00880646F}.Debug|x86.ActiveCfg = Debug|Win32
		{28E29041-7846-4566-A617-52A00880646F}.Debug|x86.Build.0 = Debug|Win32
		{28E29041-7846-4566-A617-52A00880646F}.Release|x64.ActiveCfg = Release|x64
		{28E29041-7846-4566-A617-52A00880646F}.Release|x64.Build.0 = Release|x64
		{28E29041-7846-4566-A617-52A00880646F}.Release|x86.ActiveCfg = Release|Win32
		{28E29041-7846-4566-A617-52A00880646F}.Release|x86.Build.0 = Release|Win32
		{AF4BAFCA-D8F8-4645-8DD3-58FCB8E81686}.Debug|x64.ActiveCfg = Debug|x64
		{AF4BAFCA-D8F8-4645-8DD3-58FCB8E81686}.Debug|x64.Build.0 = Debug|x64
		{AF4BAFCA-D8F8-4645-8DD3-58FCB8E81686}.Debug|x86.ActiveCfg = Debug|Win32
		{AF4BAFCA-D8F8-4645-8DD3-58FCB8E81686}.Debug|x86.Build.0 = Debug|Win32
		{AF4BAFCA-D8F8-4645-8DD3-58FCB8E81686}.Release|x64.ActiveCfg = Release|x64
		{AF4BAFCA-D8F8-4645-8DD3-58FCB8E81686}.Release|x64.Build.0 = Release|x64
		{AF4BAFCA-D8F8-4645-8DD3-58FCB8E81686}.Release|x86.ActiveCfg = Release|Win32
		{AF4BAFCA-D8F8-4645-8DD3-58FCB8E81686}.Release|x86.Build.0 = Release|Win32
		{0A20279F-F0D4-4E69-9AD3-0F70F67A4968}.Debug|x64.ActiveCfg = Debug|x64
		{0A20279F-F0D4-4E69-9AD3-0F70F67A4968}.Debug|x64.Build.0 = Debug|x64
		{0A20279F-F0D4-4E69-9AD3-0F70F67A4968}.Debug|x86.ActiveCfg = Debug|Win32
		{0A20279F-F0D4-4E69-9AD3-0F70F67A4968}.Debug|x86.Build.0 = Debug|Win32
		{0A20279F-F0D4-4E69-9AD3-0F70F67A4968}.Release|x64.ActiveCfg = Release|x64
		{0A20279F-F0D4-4E69-9AD3-0F70F67A4968}.Release|x64.Build.0 = Release|x64
		{0A20279F-F0D4-4E69-9AD3-0F70F67A4968}.Release|x86.ActiveCfg = Release|Win32
		{0A20279F-F0D4-4E69-9AD3-0F70F67A4968}.Release|x86.Build.0 = Release|Win32
		{289CDA0E-90AF-4F0C-8B37-92F56C0A7EDA}.Debug|x64.ActiveCfg = Debug|x64
		{289CDA0E-90AF-4F0C-8B37-92F56C0A7EDA}.Debug|x64.Build.0 = Debug|x64
		{289CDA0E-90AF-4F0C-8B37-92F56C0A7EDA}.Debug|x86.ActiveCfg = Debug|Win32
		{289CDA0E-90AF-4F0C-8B37-92F56C0A7EDA}.Debug|x86.Build.0 = Debug|Win32
		{289CDA0E-90AF-4F0C-8B37-92F56C0A7EDA}.Release|x64.ActiveCfg = Release|x64
		{289CDA0E-90AF-4F0C-8B37-92F56C0A7EDA}.Release|x64.Build.0 = Release|x64
		{289CDA0E-90AF-4F0C-8B37-92F56C0A7EDA}.Release|x86.ActiveCfg = Release|Win32
		{289CDA0E-90AF-4F0C-8B37-92F56C0A7EDA}.Release|x86.Build.0 = Release|Win32
		{5A8E46B1-5A1D-42D5-AC82-04ADBAC8D53C}.Debug|x64.ActiveCfg = Debug|x64
		{5A8E46B1-5A1D-42D5-AC82-04ADBAC8D53C}.Debug|x64.Build.0 = Debug|x64
		{5A8E46B1-5A1D-42D5-AC82-04ADBAC8D53C}.Debug|x86.ActiveCfg = Debug|Win32
		{5A8E46B1-5A1D-42D5-AC82-04ADBAC8D53C}.Debug|x86.Build.0 = Debug|Win32
		{5A8E46B1-5A1D-42D5-AC82-04ADBAC8D53C}.Release|x64.ActiveCfg = Release|x64
		{5A8E46B1-5A1D-42D5-AC82-04ADBAC8D53C}.Release|x64.Build.0 = Release|x64
		{5A8E46B1-5A1D-42D5-AC82-04ADBAC8D53C}.Release|x86.ActiveCfg = Release|Win32
		{5A8E46B1-5A1D-42D5-AC82-04ADBAC8D53C}.Release|x86.Build.0 = Release|Win32
		{9A6F575D-93F9-4FFA-915C-AFE5C83FAE52}.Debug|x64.ActiveCfg = Debug|x64
		{9A6F575D-93F9-4FFA-915C-AFE5C83FAE52}.Debug|x64.Build.0 = Debug|x64
		{9A6F575D-93F9-4FFA-915C-AFE5C83FAE52}.Debug|x86.ActiveCfg = Debug|Win32
		{9A6F575D-93F9-4FFA-915C-AFE5C83FAE52}.Debug|x86.Build.0 = Debug|Win32
		{9A6F575D-93F9-4FFA-915C-AFE5C83FAE52}.Release|x64.ActiveCfg = Release|x64
		{9A6F575D-93F9-4FFA-915C-AFE5C83FAE52}.Release|x64.Build.0 = Release|x64
		{9A6F575D-93F9-4FFA-915C-AFE5C83FAE52}.Release|x86.ActiveCfg = Release|Win32
		{9A6F575D-93F9-4FFA-915C-AFE5C83FAE52}.Release|x86.Build.0 = Release|Win32
		{423B36AE-07A6-45DB-BF07-1B4B6FC486E4}.Debug|x64.ActiveCfg = Debug|x64
		{423B36AE-07A6-45DB-BF07-1B4B6FC486E4}.Debug|x64.Build.0 = Debug|x64
		{423B36AE-07A6-45DB-BF07-1B4B6FC486E4}.Debug|x86.ActiveCfg = Debug|Win32
		{423B36AE-07A6-45DB-BF07-1B4B6FC486E4}.Debug|x86.Build.0 = Debug|Win32
		{423B36AE-07A6-45DB-BF07-1B4B6FC486E4}.Release|x64.ActiveCfg = Release|x64
		{423B36AE-07A6-45DB-BF07-1B4B6FC486E4}.Release|x64.Build.0 = Release|x64
		{423B36AE-07A6-45DB-BF07-1B4B6FC486E4}.Release|x86.ActiveCfg = Release|Win32
		{423B36AE-07A6-45DB-BF07-1B4B6FC486E4}.Release|x86.Build.0 = Release|Win32
		{541B2A96-9BF8-4874-B300-170F54C99C9B}.Debug|x64.ActiveCfg = Debug|x64
		{541B2A96-9BF8-4874-B300-170F54C99C9B}.Debug|x64.Build.0 = Debug|x64
		{541B2A96-9BF8-4874-B300-170F54C99C9B}.Debug|x86.ActiveCfg = Debug|Win32
		{541B2A96-9BF8-4874-B300-170F54C99C9B}.Debug|x86.Build.0 = Debug|Win32
		{541B2A96-9BF8-4874-B300-170F54C99C9B}.Release|x64.ActiveCfg = Release|x64
		{541B2A96-9BF8-4874-B300-170F54C99C9B}.Release|x64.Build.0 = Release|x64
		{541B2A96-9BF8-4874-B300-170F54C99C9B}.Release|x86.ActiveCfg = Release|Win32
		{541B2A96-9BF8-4874-B300-170F54C99C9B}.Release|x86.Build.0 = Release|Win32
		{4002BB07-EF54-47DB-9EBC-27F1E9898F13}.Debug|x64.ActiveCfg = Debug|x64
		{4002BB07-EF54-47DB-9EBC-27F1E9898F13}.Debug|x64.Build.0 = Debug|x64
		{4002BB07-EF54-47DB-9EBC-27F1E9898F13}.Debug|x86.ActiveCfg = Debug|Win32
		{4002BB07-EF54-47DB-9EBC-27F1E9898F13}.Debug|x86.Build.0 = Debug|Win32
		{4002BB07-EF54-47DB-9EBC-27F1E9898F13}.Release|x64.ActiveCfg = Release|x64
		{4002BB07-EF54-47DB-9EBC-27F1E9898F13}.Release|x64.Build.0 = Release|x64
		{4002BB07-EF54-47DB-9EBC-27F1E9898F13}.Release|x86.ActiveCfg = Release|Win32
		{4002BB07-EF54-47DB-9EBC-27F1E9898F13}.Release|x86.Build.0 = Release|Win32
		{E5EDC005-5640-478A-8C5D-546B80B9BB90}.Debug|x64.ActiveCfg = Debug|x64
		{E5EDC005-5640-478A-8C5D-546B80B9BB90}.Debug|x64.Build.0 = Debug|x64
		{E5EDC005-5640-478A-8C5D-546B80B9BB90}.Debug|x86.ActiveCfg = Debug|Win32
		{E5EDC005-5640-478A-8C5D-546B80B9BB90}.Debug|x86.Build.0 = Debug|Win32
		{E5EDC005-5640-478A-8C5D-546B80B9BB90}.Release|x64.ActiveCfg = Release|x64
		{E5EDC005-5640-478A-8C5D-546B80B9BB90}.Release|x64.Build.0 = Release|x64
		{E5EDC005-5640-478A-8C5D-546B80B9BB90}.Release|x86.ActiveCfg = Release|Win32
		{E5EDC005-5640-478A-8C5D-546B80B9BB90}.Release|x86.Build.0 = Release|Win32
		{AAC5E2D9-3876-4956-8D0F-7214A8ECCC36}.Debug|x64.ActiveCfg = Debug|x64
		{AAC5E2D9-3876-4956-8D0F-7214A8ECCC36}.Debug|x64.Build.0 = Debug|x64
		{AAC5E2D9-3876-4956-8D0F-7214A8ECCC36}.Debug|x86.ActiveCfg = Debug|Win32
		{AAC5E2D9-3876-4956-8D0F-7214A8ECCC36}.Debug|x86.Build.0 = Debug|Win32
		{AAC5E2D9-3876-4956-8D0F-7214A8ECCC36}.Release|x64.ActiveCfg = Release|x64
		{AAC5E2D9-3876-4956-8D0F-7214A8ECCC36}.Release|x64.Build.0 = Release|x64
		{AAC5E2D9-3876-4956-8D0F-7214A8ECCC36}.Release|x86.ActiveCfg = Release|Win32
		{AAC5E2D9-3876-4956-8D0F-7214A8ECCC36}.Release|x86.Build.0 = Release|Win32
		{4F7D2378-636F-4FE8-9453-42D3B64555CE}.Debug|x64.ActiveCfg = Debug|x64
		{4F7D2378-636F-4FE8-9453-42D3B64555CE}.Debug|x64.Build.0 = Debug|x64
		{4F7D2378-636F-4FE8-9453-42D3B64555CE}.Debug|x86.ActiveCfg = Debug|Win32
		{4F7D2378-636F-4FE8-9453-42D3B64555CE}.Debug|x86.Build.0 = Debug|Win32
		{4F7D2378-636F-4FE8-9453-42D3B64555CE}.Release|x64.ActiveCfg = Release|x64
		{4F7D2378-636F-4FE8-9453-42D3B64555CE}.Release|x64.Build.0 = Release|x64
		{4F7D2378-636F-4FE8-9453-42D3B64555CE}.Release|x86.ActiveCfg = Release|Win32
		{4F7D2378-636F-4FE8-9453-42D3B64555CE}.Release|x86.Build.0 = Release|Win32
		{3945C990-65DE-42B6-AEA2-0D95635DED9C}.Debug|x64.ActiveCfg = Debug|x64
		{3945C990-65DE-42B6-AEA2-0D95635DED9C}.Debug|x64.Build.0 = Debug|x64
		{3945C990-65DE-42B6-AEA2-0D95635DED9C}.Debug|x86.ActiveCfg = Debug|Win32
		{3945C990-65DE-42B6-AEA2-0D95635DED9C}.Debug|x86.Build.0 = Debug|Win32
		{3945C990-65DE-42B6-AEA2-0D95635DED9C}.Release|x64.ActiveCfg = Release|x64
		{3945C990-65DE-42B6-AEA2-0D95635DED9C}.Release|x64.Build.0 = Release|x64
		{3945C990-65DE-42B6-AEA2-0D95635DED9C}.Release|x86.ActiveCfg = Release|Win32
		{3945C990-65DE-42B6-AEA2-0D95635DED9C}.Release|x86.Build.0 = Release|Win32
		{DA97394C-DA80-4040-AADE-DEA4595C02E4}.Debug|x64.ActiveCfg = Debug|x64
		{DA97394C-DA80-4040-AADE-DEA4595C02E4}.Debug|x64.Build.0 = Debug|x64
		{DA97394C-DA80-4040-AADE-DEA4595C02E4}.Debug|x86.ActiveCfg = Debug|Win32
		{DA97394C-DA80-4040-AADE-DEA4595C02E4}.Debug|x86.Build.0 = Debug|Win32
		{DA97394C-DA80-4040-AADE-DEA4595C02E4}.Release|x64.ActiveCfg = Release|x64
		{DA97394C-DA80-4040-AADE-DEA4595C02E4}.Release|x64.Build.0 = Release|x64
		{DA97394C-DA80-4040-AADE-DEA4595C02E4}.Release|x86.ActiveCfg = Release|Win32
		{DA97394C-DA80-4040-AADE-DEA4595C02E4}.Release|x86.Build.0 = Release|Win32
		{29A6788F-B4D0-4813-80F6-8618332A8523}.Debug|x64.ActiveCfg = Debug|x64
		{29A6788F-B4D0-4813-80F6-8618332A8523}.Debug|x64.Build.0 = Debug|x64
		{29A6788F-B4D0-4813-80F6-8618332A8523}.Debug|x86.ActiveCfg = Debug|Win32
		{29A6788F-B4D0-4813-80F6-8618332A8523}.Debug|x86.Build.0 = Debug|Win32
		{29A6788F-B4D0-4813-80F6-8618332A8523}.Release|x64.ActiveCfg = Release|x64
		{29A6788F-B4D0-4813-80F6-8618332A8523}.Release|x64.Build.0 = Release|x64
		{29A6788F-B4D0-4813-80F6-8618332A8523}.Release|x86.ActiveCfg = Release|Win32
		{29A6788F-B4D0-4813-80F6-8618332A8523}.Release|x86.Build.0 = Release|Win32
		{310EDDD4-9054-4B67-AF31-D8FC22DE66BF}.Debug|x64.ActiveCfg = Debug|x64
		{310EDDD4-9054-4B67-AF31-D8FC22DE66BF}.Debug|x64.Build.0 = Debug|x64
		{310EDDD4-9054-4B67-AF31-D8FC22DE66BF}.Debug|x86.ActiveCfg = Debug|Win32
		{310EDDD4-9054-4B67-AF31-D8FC22DE66BF}.Debug|x86.Build.0 = Debug|Win32
		{310EDDD4-9054-4B67-AF31-D8FC22DE66BF}.Release|x64.ActiveCfg = Release|x64
		{310EDDD4-9054-4B67-AF31-D8FC22DE66BF}.Release|x64.Build.0 = Release|x64
		{310EDDD4-9054-4B67-AF31-D8FC22DE66BF}.Release|x86.ActiveCfg = Release|Win32
		{310EDDD4-9054-4B67-AF31-D8FC22DE66BF}.Release|x86.Build.0 = Release|Win32
		{3D0F85FD-E0C6-41FE-850D-44CC14EB7A49}.Debug|x64.ActiveCfg = Debug|x64
		{3D0F85FD-E0C6-41FE-850D-44CC14EB7A49}.Debug|x64.Build.0 = Debug|x64
		{3D0F85FD-E0C6-41FE-850D-44CC14EB7A49}.Debug|x86.ActiveCfg = Debug|Win32
		{3D0F85FD-E0C6-41FE-850D-44CC14EB7A49}.Debug|x86.Build.0 = Debug|Win32
		{3D0F85FD-E0C6-41FE-850D-44CC14EB7A49}.Release|x64.ActiveCfg = Release|x64
		{3D0F85FD-E0C6-41FE-850D-44CC14EB7A49}.Release|x64.Build.0 = Release|x64
		{3D0F85FD-E0C6-41FE-850D-44CC14EB7A49}.Release|x86.ActiveCfg = Release|Win32
		{3D0F85FD-E0C6-41FE-850D-44CC14EB7A49}.Release|x86.Build.0 = Release|Win32
		{8DBED8C7-CE1C-4C48-85B6-B2A7FEF8DC7D}.Debug|x64.ActiveCfg = Debug|x64
		{8DBED8C7-CE1C-4C48-85B6-B2A7FEF8DC7D}.Debug|x64.Build.0 = Debug|x64
		{8DBED8C7-CE1C-4C48-85B6-B2A7FEF8DC7D}.Debug|x86.ActiveCfg = Debug|Win32
		{8DBED8C7-CE1C-4C48-85B6-B2A7FEF8DC7D}.Debug|x86.Build.0 = Debug|Win32
		{8DBED8C7-CE1C-4C48-85B6-B2A7FEF8DC7D}.Release|x64.ActiveCfg = Release|x64
		{8DBED8C7-CE1C-4C48-85B6-B2A7FEF8DC7D}.Release|x64.Build.0 = Release|x64
		{8DBED8C7-CE1C-4C48-85B6-B2A7FEF8DC7D}.Release|x86.ActiveCfg = Release|Win32
		{8DBED8C7-CE1C-4C48-85B6-B2A7FEF8DC7D}.Release|x86.Build.0 = Release|Win32
		{2D661515-345A-4570-A95F-BF22AB0AD1D4}.Debug|x64.ActiveCfg = Debug|x64
		{2D661515-345A-4570-A95F-BF22AB0AD1D4}.Debug|x64.Build.0 = Debug|x64
		{2D661515-345A-4570-A95F-BF22AB0AD1D4}.Debug|x86.ActiveCfg = Debug|Win32
		{2D661515-345A-4570-A95F-BF22AB0AD1D4}.Debug|x86.Build.0 = Debug|Win32
		{2D661515-345A-4570-A95F-BF22AB0AD1D4}.Release|x64.ActiveCfg = Release|x64
		{2D661515-345A-4570-A95F-BF22AB0AD1D4}.Release|x64.Build.0 = Release|x64
		{2D661515-345A-4570-A95F-BF22AB0AD1D4}.Release|x86.ActiveCfg = Release|Win32
		{2D661515-345A-4570-A95F-BF22AB0AD1D4}.Release|x86.Build.0 = Release|Win32
		{244B8470-C70C-49C6-AC56-587823C3D89F}.Debug|x64.ActiveCfg = Debug|x64
		{244B8470-C70C-49C6-AC56-587823C3D89F}.Debug|x64.Build.0 = Debug|x64
		{244B8470-C70C-49C6-AC56-587823C3D89F}.Debug|x86.ActiveCfg = Debug|Win32
		{244B8470-C70C-49C6-AC56-587823C3D89F}.Debug|x86.Build.0 = Debug|Win32
		{244B8470-C70C-49C6-AC56-587823C3D89F}.Release|x64.ActiveCfg = Release|x64
		{244B8470-C70C-49C6-AC56-587823C3D89F}.Release|x64.Build.0 = Release|x64
		{244B8470-C70C-49C6-AC56-587823C3D89F}.Release|x86.ActiveCfg = Release|Win32
		{244B8470-C70C-49C6-AC56-587823C3D89F}.Release|x86.Build.0 = Release|Win32
		{DCB44316-EBD9-41D0-B9FF-5FBF7FAA0F61}.Debug|x64.ActiveCfg = Debug|x64
		{DCB44316-EBD9-41D0-B9FF-5FBF7FAA0F61}.Debug|x64.Build.0 = Debug|x64
		{DCB44316-EBD9-41D0-B9FF-5FBF7FAA0F61}.Debug|x86.ActiveCfg = Debug|Win32
		{DCB44316-EBD9-41D0-B9FF-5FBF7FAA0F61}.Debug|x86.Build.0 = Debug|Win32
		{DCB44316-EBD9-41D0-B9FF-5FBF7FAA0F61}.Release|x64.ActiveCfg = Release|x64
		{DCB44316-EBD9-41D0-B9FF-5FBF7FAA0F61}.Release|x64.Build.0 = Release|x64
		{DCB44316-EBD9-41D0-B9FF-5FBF7FAA0F61}.Release|x86.ActiveCfg = Release|Win32
		{DCB44316-EBD9-41D0-B9FF-5FBF7FAA0F61}.Release|x86.Build.0 = Release|Win32
		{E71D2017-12DA-43C4-9589-265444D16554}.Debug|x64.ActiveCfg = Debug|x64
		{E71D2017-12DA-43C4-9589-265444D16554}.Debug|x64.Build.0 = Debug|x64
		{E71D2017-12DA-43C4-9589-265444D16554}.Debug|x86.ActiveCfg = Debug|Win32
		{E71D2017-12DA-43C4-9589-265444D16554}.Debug|x86.Build.0 = Debug|Win32
		{E71D2017-12DA-43C4-9589-265444D16554}.Release|x64.ActiveCfg = Release|x64
		{E71D2017-12DA-43C4-9589-265444D16554}.Release|x64.Build.0 = Release|x64
		{E71D2017-12DA-43C4-9589-265444D16554}.Release|x86.ActiveCfg = Release|Win32
		{E71D2017-12DA-43C4-9589-265444D16554}.Release|x86.Build.0 = Release|Win32
		{1747A8E3-FCD4-4CF3-A1FE-D6E898F5D842}.Debug|x64.ActiveCfg = Debug|x64
		{1747A8E3-FCD4-4CF3-A1FE-D6E898F5D842}.Debug|x64.Build.0 = Debug|x64
		{1747A8E3-FCD4-4CF3-A1FE-D6E898F5D842}.Debug|x86.ActiveCfg = Debug|Win32
		{1747A8E3-FCD4-4CF3-A1FE-D6E898F5D842}.Debug|x86.Build.0 = Debug|Win32
		{1747A8E3-FCD4-4CF3-A1FE-D6E898F5D842}.Release|x64.ActiveCfg = Release|x64
		{1747A8E3-FCD4-4CF3-A1FE-D6E898F5D842}.Release|x64.Build.0 = Release|x64
		{1747A8E3-FCD4-4CF3-A1FE-D6E898F5D842}.Release|x86.ActiveCfg = Release|Win32
		{1747A8E3-FCD4-4CF3-A1FE-D6E898F5D842}.Release|x86.Build.0 = Release|Win32
		{B98B21D0-881D-4FCA-8E9B-B41F8756F9D0}.Debug|x64.ActiveCfg = Debug|x64
		{B98B21D0-881D-4FCA-8E9B-B41F8756F9D0}.Debug|x64.Build.0 = Debug|x64
		{B98B21D0-881D-4FCA-8E9B-B41F8756F9D0}.Debug|x86.ActiveCfg = Debug|Win32
		{B98B21D0-881D-4FCA-8E9B-B41F8756F9D0}.Debug|x86.Build.0 = Debug|Win32
		{B98B21D0-881D-4FCA-8E9B-B41F8756F9D0}.Release|x64.ActiveCfg = Release|x64
		{B98B21D0-881D-4FCA-8E9B-B41F8756F9D0}.Release|x64.Build.0 = Release|x64
		{B98B21D0-881D-4FCA-8E9B-B41F8756F9D0}.Release|x86.ActiveCfg = Release|Win32
		{B98B21D0-881D-4FCA-8E9B-B41F8756F9D0}.Release|x86.Build.0 = Release|Win32
		{26A715A9-2637-479C-8F3B-32BFE128C217}.Debug|x64.ActiveCfg = Debug|x64
		{26A715A9-2637-479C-8F3B-32BFE128C217}.Debug|x64.Build.0 = Debug|x64
		{26A715A9-2637-479C-8F3B-32BFE128C217}.Debug|x86.ActiveCfg = Debug|Win32
		{26A715A9-2637-479C-8F3B-32BFE128C217}.Debug|x86.Build.0 = Debug|Win32
		{26A715A9-2637-479C-8F3B-32BFE128C217}.Release|x64.ActiveCfg = Release|x64
		{26A715A9-2637-479C-8F3B-32BFE128C217}.Release|x64.Build.0 = Release|x64
		{26A715A9-2637-479C-8F3B-32BFE128C217}.Release|x86.ActiveCfg = Release|Win32
		{26A715A9-2637-479C-8F3B-32BFE128C217}.Release|x86.Build.0 = Release|Win32
	EndGlobalSection
	GlobalSection(SolutionProperties) = preSolution
		HideSolutionNode = FALSE
	EndGlobalSection
	GlobalSection(ExtensibilityGlobals) = postSolution
		SolutionGuid = {9D1C96E9-325E-458C-9C67-83132ECC397A}
	EndGlobalSection
EndGlobal
